
Microsoft Visual Studio Solution File, Format Version 12.00
# Visual Studio 14
VisualStudioVersion = 14.0.23107.0
MinimumVisualStudioVersion = 10.0.40219.1
Project("{FAE04EC0-301F-11D3-BF4B-00C04F79EFBC}") = "WidgetStore.Web", "WidgetStore.Web\WidgetStore.Web.csproj", "{F67640C2-D77F-4738-957B-5FE6315D3F0C}"
EndProject
Project("{FAE04EC0-301F-11D3-BF4B-00C04F79EFBC}") = "WidgetStore.Api", "..\WidgetStore.Api\WidgetStore.Api.csproj", "{854D5569-B19A-4786-BD86-C4F8B7FE06E6}"
EndProject
Global
	GlobalSection(SolutionConfigurationPlatforms) = preSolution
		Debug|Any CPU = Debug|Any CPU
		Release|Any CPU = Release|Any CPU
	EndGlobalSection
	GlobalSection(ProjectConfigurationPlatforms) = postSolution
		{F67640C2-D77F-4738-957B-5FE6315D3F0C}.Debug|Any CPU.ActiveCfg = Debug|Any CPU
		{F67640C2-D77F-4738-957B-5FE6315D3F0C}.Debug|Any CPU.Build.0 = Debug|Any CPU
		{F67640C2-D77F-4738-957B-5FE6315D3F0C}.Release|Any CPU.ActiveCfg = Release|Any CPU
		{F67640C2-D77F-4738-957B-5FE6315D3F0C}.Release|Any CPU.Build.0 = Release|Any CPU
		{854D5569-B19A-4786-BD86-C4F8B7FE06E6}.Debug|Any CPU.ActiveCfg = Debug|Any CPU
		{854D5569-B19A-4786-BD86-C4F8B7FE06E6}.Debug|Any CPU.Build.0 = Debug|Any CPU
		{854D5569-B19A-4786-BD86-C4F8B7FE06E6}.Release|Any CPU.ActiveCfg = Release|Any CPU
		{854D5569-B19A-4786-BD86-C4F8B7FE06E6}.Release|Any CPU.Build.0 = Release|Any CPU
	EndGlobalSection
	GlobalSection(SolutionProperties) = preSolution
		HideSolutionNode = FALSE
	EndGlobalSection
EndGlobal
